
Microsoft Visual Studio Solution File, Format Version 12.00
# Visual Studio 2013
VisualStudioVersion = 12.0.21005.1
MinimumVisualStudioVersion = 10.0.40219.1
Project("{FAE04EC0-301F-11D3-BF4B-00C04F79EFBC}") = "News", "News\News.csproj", "{7F699AD6-6427-4D30-81D4-D5FDAD18AEEC}"
EndProject
Project("{FAE04EC0-301F-11D3-BF4B-00C04F79EFBC}") = "NewsEntity", "NewsEntity\NewsEntity.csproj", "{CE60AA38-5FE4-4710-80CF-86FEB6E7517E}"
EndProject
Global
	GlobalSection(SolutionConfigurationPlatforms) = preSolution
		Debug|Any CPU = Debug|Any CPU
		Release|Any CPU = Release|Any CPU
	EndGlobalSection
	GlobalSection(ProjectConfigurationPlatforms) = postSolution
		{7F699AD6-6427-4D30-81D4-D5FDAD18AEEC}.Debug|Any CPU.ActiveCfg = Debug|Any CPU
		{7F699AD6-6427-4D30-81D4-D5FDAD18AEEC}.Debug|Any CPU.Build.0 = Debug|Any CPU
		{7F699AD6-6427-4D30-81D4-D5FDAD18AEEC}.Release|Any CPU.ActiveCfg = Release|Any CPU
		{7F699AD6-6427-4D30-81D4-D5FDAD18AEEC}.Release|Any CPU.Build.0 = Release|Any CPU
		{CE60AA38-5FE4-4710-80CF-86FEB6E7517E}.Debug|Any CPU.ActiveCfg = Debug|Any CPU
		{CE60AA38-5FE4-4710-80CF-86FEB6E7517E}.Debug|Any CPU.Build.0 = Debug|Any CPU
		{CE60AA38-5FE4-4710-80CF-86FEB6E7517E}.Release|Any CPU.ActiveCfg = Release|Any CPU
		{CE60AA38-5FE4-4710-80CF-86FEB6E7517E}.Release|Any CPU.Build.0 = Release|Any CPU
	EndGlobalSection
	GlobalSection(SolutionProperties) = preSolution
		HideSolutionNode = FALSE
	EndGlobalSection
EndGlobal
